// !$*UTF8*$!
{
	archiveVersion = 1;
	classes = {
	};
	objectVersion = 50;
	objects = {

/* Begin PBXBuildFile section */
		018F58E324E52E0800F44C47 /* AppDelegate.swift in Sources */ = {isa = PBXBuildFile; fileRef = 018F58E224E52E0800F44C47 /* AppDelegate.swift */; };
		018F58EB24E52E0800F44C47 /* ViewController.swift in Sources */ = {isa = PBXBuildFile; fileRef = 018F58EA24E52E0800F44C47 /* ViewController.swift */; };
		018F58ED24E52E0A00F44C47 /* Assets.xcassets in Resources */ = {isa = PBXBuildFile; fileRef = 018F58EC24E52E0A00F44C47 /* Assets.xcassets */; };
		018F58F024E52E0A00F44C47 /* Main.storyboard in Resources */ = {isa = PBXBuildFile; fileRef = 018F58EE24E52E0A00F44C47 /* Main.storyboard */; };
		018F58FC24E52E0A00F44C47 /* Solar_Conqueror_SourcesTests.swift in Sources */ = {isa = PBXBuildFile; fileRef = 018F58FB24E52E0A00F44C47 /* Solar_Conqueror_SourcesTests.swift */; };
		018F590724E52E0A00F44C47 /* Solar_Conqueror_SourcesUITests.swift in Sources */ = {isa = PBXBuildFile; fileRef = 018F590624E52E0A00F44C47 /* Solar_Conqueror_SourcesUITests.swift */; };
		018F594C24E52E5500F44C47 /* background.sks in Resources */ = {isa = PBXBuildFile; fileRef = 018F591524E52E5100F44C47 /* background.sks */; };
		018F594D24E52E5500F44C47 /* half_circle.png in Resources */ = {isa = PBXBuildFile; fileRef = 018F591624E52E5200F44C47 /* half_circle.png */; };
		018F594E24E52E5500F44C47 /* sunshine.png in Resources */ = {isa = PBXBuildFile; fileRef = 018F591724E52E5200F44C47 /* sunshine.png */; };
		018F594F24E52E5500F44C47 /* main1.mp3 in Resources */ = {isa = PBXBuildFile; fileRef = 018F591824E52E5200F44C47 /* main1.mp3 */; };
		018F595024E52E5500F44C47 /* Begin.m4a in Resources */ = {isa = PBXBuildFile; fileRef = 018F591924E52E5200F44C47 /* Begin.m4a */; };
		018F595124E52E5500F44C47 /* spark.png in Resources */ = {isa = PBXBuildFile; fileRef = 018F591A24E52E5200F44C47 /* spark.png */; };
		018F595224E52E5500F44C47 /* normal.png in Resources */ = {isa = PBXBuildFile; fileRef = 018F591B24E52E5200F44C47 /* normal.png */; };
		018F595324E52E5500F44C47 /* Saturn.png in Resources */ = {isa = PBXBuildFile; fileRef = 018F591C24E52E5200F44C47 /* Saturn.png */; };
		018F595424E52E5500F44C47 /* boom4.mp3 in Resources */ = {isa = PBXBuildFile; fileRef = 018F591D24E52E5200F44C47 /* boom4.mp3 */; };
		018F595524E52E5500F44C47 /* ForceAvailable.m4a in Resources */ = {isa = PBXBuildFile; fileRef = 018F591E24E52E5200F44C47 /* ForceAvailable.m4a */; };
		018F595624E52E5500F44C47 /* Uranus.png in Resources */ = {isa = PBXBuildFile; fileRef = 018F591F24E52E5200F44C47 /* Uranus.png */; };
		018F595724E52E5500F44C47 /* SpecialWeapon.m4a in Resources */ = {isa = PBXBuildFile; fileRef = 018F592024E52E5200F44C47 /* SpecialWeapon.m4a */; };
		018F595824E52E5500F44C47 /* boom0.mp3 in Resources */ = {isa = PBXBuildFile; fileRef = 018F592124E52E5200F44C47 /* boom0.mp3 */; };
		018F595924E52E5500F44C47 /* Venus.png in Resources */ = {isa = PBXBuildFile; fileRef = 018F592224E52E5200F44C47 /* Venus.png */; };
		018F595A24E52E5500F44C47 /* swoosh.wav in Resources */ = {isa = PBXBuildFile; fileRef = 018F592324E52E5200F44C47 /* swoosh.wav */; };
		018F595B24E52E5500F44C47 /* Jupiter.png in Resources */ = {isa = PBXBuildFile; fileRef = 018F592424E52E5200F44C47 /* Jupiter.png */; };
		018F595C24E52E5500F44C47 /* Snow.sks in Resources */ = {isa = PBXBuildFile; fileRef = 018F592524E52E5200F44C47 /* Snow.sks */; };
		018F595D24E52E5500F44C47 /* boom3.mp3 in Resources */ = {isa = PBXBuildFile; fileRef = 018F592624E52E5200F44C47 /* boom3.mp3 */; };
		018F595E24E52E5500F44C47 /* Success.m4a in Resources */ = {isa = PBXBuildFile; fileRef = 018F592724E52E5200F44C47 /* Success.m4a */; };
		018F595F24E52E5500F44C47 /* Cards.sks in Resources */ = {isa = PBXBuildFile; fileRef = 018F592824E52E5200F44C47 /* Cards.sks */; };
		018F596024E52E5500F44C47 /* Mars.png in Resources */ = {isa = PBXBuildFile; fileRef = 018F592924E52E5300F44C47 /* Mars.png */; };
		018F596124E52E5500F44C47 /* rocketFire.sks in Resources */ = {isa = PBXBuildFile; fileRef = 018F592A24E52E5300F44C47 /* rocketFire.sks */; };
		018F596224E52E5500F44C47 /* boom2.mp3 in Resources */ = {isa = PBXBuildFile; fileRef = 018F592B24E52E5300F44C47 /* boom2.mp3 */; };
		018F596324E52E5500F44C47 /* half_circle_enemy.png in Resources */ = {isa = PBXBuildFile; fileRef = 018F592C24E52E5300F44C47 /* half_circle_enemy.png */; };
		018F596424E52E5500F44C47 /* Eris.png in Resources */ = {isa = PBXBuildFile; fileRef = 018F592D24E52E5300F44C47 /* Eris.png */; };
		018F596524E52E5500F44C47 /* tick.png in Resources */ = {isa = PBXBuildFile; fileRef = 018F592E24E52E5300F44C47 /* tick.png */; };
		018F596624E52E5500F44C47 /* lightning_segment_enemy.png in Resources */ = {isa = PBXBuildFile; fileRef = 018F592F24E52E5300F44C47 /* lightning_segment_enemy.png */; };
		018F596724E52E5500F44C47 /* normal-saturn.png in Resources */ = {isa = PBXBuildFile; fileRef = 018F593024E52E5300F44C47 /* normal-saturn.png */; };
		018F596824E52E5500F44C47 /* boom5.mp3 in Resources */ = {isa = PBXBuildFile; fileRef = 018F593124E52E5300F44C47 /* boom5.mp3 */; };
		018F596924E52E5500F44C47 /* boom8.mp3 in Resources */ = {isa = PBXBuildFile; fileRef = 018F593224E52E5300F44C47 /* boom8.mp3 */; };
		018F596A24E52E5500F44C47 /* firework.sks in Resources */ = {isa = PBXBuildFile; fileRef = 018F593324E52E5300F44C47 /* firework.sks */; };
		018F596B24E52E5500F44C47 /* boom1.mp3 in Resources */ = {isa = PBXBuildFile; fileRef = 018F593424E52E5300F44C47 /* boom1.mp3 */; };
		018F596C24E52E5500F44C47 /* Mercury.png in Resources */ = {isa = PBXBuildFile; fileRef = 018F593524E52E5300F44C47 /* Mercury.png */; };
		018F596D24E52E5500F44C47 /* play.png in Resources */ = {isa = PBXBuildFile; fileRef = 018F593624E52E5300F44C47 /* play.png */; };
		018F596E24E52E5500F44C47 /* Neptune.png in Resources */ = {isa = PBXBuildFile; fileRef = 018F593724E52E5300F44C47 /* Neptune.png */; };
		018F596F24E52E5500F44C47 /* Earth.png in Resources */ = {isa = PBXBuildFile; fileRef = 018F593824E52E5300F44C47 /* Earth.png */; };
		018F597024E52E5500F44C47 /* Pluto.png in Resources */ = {isa = PBXBuildFile; fileRef = 018F593924E52E5300F44C47 /* Pluto.png */; };
		018F597124E52E5500F44C47 /* frame.png in Resources */ = {isa = PBXBuildFile; fileRef = 018F593A24E52E5400F44C47 /* frame.png */; };
		018F597224E52E5500F44C47 /* Path.png in Resources */ = {isa = PBXBuildFile; fileRef = 018F593B24E52E5400F44C47 /* Path.png */; };
		018F597324E52E5500F44C47 /* main2.mp3 in Resources */ = {isa = PBXBuildFile; fileRef = 018F593C24E52E5400F44C47 /* main2.mp3 */; };
		018F597424E52E5500F44C47 /* lightning_segment.png in Resources */ = {isa = PBXBuildFile; fileRef = 018F593D24E52E5400F44C47 /* lightning_segment.png */; };
		018F597524E52E5500F44C47 /* rocket.png in Resources */ = {isa = PBXBuildFile; fileRef = 018F593E24E52E5400F44C47 /* rocket.png */; };
		018F597624E52E5500F44C47 /* Moon.png in Resources */ = {isa = PBXBuildFile; fileRef = 018F593F24E52E5400F44C47 /* Moon.png */; };
		018F597724E52E5500F44C47 /* Explosion.sks in Resources */ = {isa = PBXBuildFile; fileRef = 018F594024E52E5400F44C47 /* Explosion.sks */; };
		018F597824E52E5500F44C47 /* Planets.sks in Resources */ = {isa = PBXBuildFile; fileRef = 018F594124E52E5400F44C47 /* Planets.sks */; };
		018F597924E52E5500F44C47 /* Defeated.m4a in Resources */ = {isa = PBXBuildFile; fileRef = 018F594224E52E5400F44C47 /* Defeated.m4a */; };
		018F597A24E52E5500F44C47 /* ring.png in Resources */ = {isa = PBXBuildFile; fileRef = 018F594324E52E5400F44C47 /* ring.png */; };
		018F597B24E52E5500F44C47 /* glass.png in Resources */ = {isa = PBXBuildFile; fileRef = 018F594424E52E5400F44C47 /* glass.png */; };
		018F597C24E52E5500F44C47 /* boom7.mp3 in Resources */ = {isa = PBXBuildFile; fileRef = 018F594524E52E5400F44C47 /* boom7.mp3 */; };
		018F597D24E52E5500F44C47 /* Makemake.png in Resources */ = {isa = PBXBuildFile; fileRef = 018F594624E52E5400F44C47 /* Makemake.png */; };
		018F597E24E52E5500F44C47 /* Sun.png in Resources */ = {isa = PBXBuildFile; fileRef = 018F594724E52E5400F44C47 /* Sun.png */; };
		018F597F24E52E5500F44C47 /* Haumea.png in Resources */ = {isa = PBXBuildFile; fileRef = 018F594824E52E5500F44C47 /* Haumea.png */; };
		018F598024E52E5500F44C47 /* boom6.mp3 in Resources */ = {isa = PBXBuildFile; fileRef = 018F594924E52E5500F44C47 /* boom6.mp3 */; };
		018F598124E52E5500F44C47 /* Ceres.png in Resources */ = {isa = PBXBuildFile; fileRef = 018F594A24E52E5500F44C47 /* Ceres.png */; };
		018F598224E52E5500F44C47 /* Victory.m4a in Resources */ = {isa = PBXBuildFile; fileRef = 018F594B24E52E5500F44C47 /* Victory.m4a */; };
		018F59AB24E52E6F00F44C47 /* ReadyCard.swift in Sources */ = {isa = PBXBuildFile; fileRef = 018F598424E52E6F00F44C47 /* ReadyCard.swift */; };
		018F59AC24E52E6F00F44C47 /* Card.swift in Sources */ = {isa = PBXBuildFile; fileRef = 018F598524E52E6F00F44C47 /* Card.swift */; };
		018F59AD24E52E6F00F44C47 /* StartCard.swift in Sources */ = {isa = PBXBuildFile; fileRef = 018F598624E52E6F00F44C47 /* StartCard.swift */; };
		018F59AE24E52E6F00F44C47 /* DragToSelectCard.swift in Sources */ = {isa = PBXBuildFile; fileRef = 018F598724E52E6F00F44C47 /* DragToSelectCard.swift */; };
		018F59AF24E52E6F00F44C47 /* ForceTouchCard.swift in Sources */ = {isa = PBXBuildFile; fileRef = 018F598824E52E6F00F44C47 /* ForceTouchCard.swift */; };
		018F59B024E52E6F00F44C47 /* ClickToSelectCard.swift in Sources */ = {isa = PBXBuildFile; fileRef = 018F598924E52E6F00F44C47 /* ClickToSelectCard.swift */; };
		018F59B124E52E6F00F44C47 /* FinalResultCard.swift in Sources */ = {isa = PBXBuildFile; fileRef = 018F598A24E52E6F00F44C47 /* FinalResultCard.swift */; };
		018F59B224E52E6F00F44C47 /* SpecialWeaponProducer.swift in Sources */ = {isa = PBXBuildFile; fileRef = 018F598B24E52E6F00F44C47 /* SpecialWeaponProducer.swift */; };
		018F59B324E52E6F00F44C47 /* PlanetsCard.swift in Sources */ = {isa = PBXBuildFile; fileRef = 018F598C24E52E6F00F44C47 /* PlanetsCard.swift */; };
		018F59B424E52E6F00F44C47 /* Rules.swift in Sources */ = {isa = PBXBuildFile; fileRef = 018F598D24E52E6F00F44C47 /* Rules.swift */; };
		018F59B524E52E6F00F44C47 /* GameView.swift in Sources */ = {isa = PBXBuildFile; fileRef = 018F598E24E52E6F00F44C47 /* GameView.swift */; };
		018F59B624E52E6F00F44C47 /* PlanetsScene.swift in Sources */ = {isa = PBXBuildFile; fileRef = 018F598F24E52E6F00F44C47 /* PlanetsScene.swift */; };
		018F59B724E52E6F00F44C47 /* CardsScene.swift in Sources */ = {isa = PBXBuildFile; fileRef = 018F599024E52E6F00F44C47 /* CardsScene.swift */; };
		018F59B824E52E6F00F44C47 /* Enemy.swift in Sources */ = {isa = PBXBuildFile; fileRef = 018F599124E52E6F00F44C47 /* Enemy.swift */; };
		018F59B924E52E6F00F44C47 /* Player.swift in Sources */ = {isa = PBXBuildFile; fileRef = 018F599224E52E6F00F44C47 /* Player.swift */; };
		018F59BA24E52E6F00F44C47 /* InteractableScene.swift in Sources */ = {isa = PBXBuildFile; fileRef = 018F599324E52E6F00F44C47 /* InteractableScene.swift */; };
		018F59BB24E52E6F00F44C47 /* NormalState.swift in Sources */ = {isa = PBXBuildFile; fileRef = 018F599524E52E6F00F44C47 /* NormalState.swift */; };
		018F59BC24E52E6F00F44C47 /* FailState.swift in Sources */ = {isa = PBXBuildFile; fileRef = 018F599624E52E6F00F44C47 /* FailState.swift */; };
		018F59BD24E52E6F00F44C47 /* StartState.swift in Sources */ = {isa = PBXBuildFile; fileRef = 018F599724E52E6F00F44C47 /* StartState.swift */; };
		018F59BE24E52E6F00F44C47 /* PlanetSceneState.swift in Sources */ = {isa = PBXBuildFile; fileRef = 018F599824E52E6F00F44C47 /* PlanetSceneState.swift */; };
		018F59BF24E52E6F00F44C47 /* VictoryState.swift in Sources */ = {isa = PBXBuildFile; fileRef = 018F599924E52E6F00F44C47 /* VictoryState.swift */; };
		018F59C024E52E6F00F44C47 /* Gaia.swift in Sources */ = {isa = PBXBuildFile; fileRef = 018F599A24E52E6F00F44C47 /* Gaia.swift */; };
		018F59C124E52E6F00F44C47 /* PlanetAIRule.swift in Sources */ = {isa = PBXBuildFile; fileRef = 018F599B24E52E6F00F44C47 /* PlanetAIRule.swift */; };
		018F59C224E52E6F00F44C47 /* LightningBoltNode.swift in Sources */ = {isa = PBXBuildFile; fileRef = 018F599D24E52E6F00F44C47 /* LightningBoltNode.swift */; };
		018F59C324E52E6F00F44C47 /* LightningLineNode.swift in Sources */ = {isa = PBXBuildFile; fileRef = 018F599E24E52E6F00F44C47 /* LightningLineNode.swift */; };
		018F59C424E52E6F00F44C47 /* LightningNode.swift in Sources */ = {isa = PBXBuildFile; fileRef = 018F599F24E52E6F00F44C47 /* LightningNode.swift */; };
		018F59C524E52E6F00F44C47 /* PlanetEntity.swift in Sources */ = {isa = PBXBuildFile; fileRef = 018F59A024E52E6F00F44C47 /* PlanetEntity.swift */; };
		018F59C624E52E6F00F44C47 /* PopulationIndicator.swift in Sources */ = {isa = PBXBuildFile; fileRef = 018F59A124E52E6F00F44C47 /* PopulationIndicator.swift */; };
		018F59C724E52E6F00F44C47 /* Role.swift in Sources */ = {isa = PBXBuildFile; fileRef = 018F59A224E52E6F00F44C47 /* Role.swift */; };
		018F59C824E52E6F00F44C47 /* PlanetNode.swift in Sources */ = {isa = PBXBuildFile; fileRef = 018F59A324E52E6F00F44C47 /* PlanetNode.swift */; };
		018F59C924E52E6F00F44C47 /* 🚀.swift in Sources */ = {isa = PBXBuildFile; fileRef = 018F59A424E52E6F00F44C47 /* 🚀.swift */; };
		018F59CA24E52E7000F44C47 /* Constants.swift in Sources */ = {isa = PBXBuildFile; fileRef = 018F59A524E52E6F00F44C47 /* Constants.swift */; };
		018F59CB24E52E7000F44C47 /* Statistics.swift in Sources */ = {isa = PBXBuildFile; fileRef = 018F59A724E52E6F00F44C47 /* Statistics.swift */; };
		018F59CC24E52E7000F44C47 /* Intelligence.swift in Sources */ = {isa = PBXBuildFile; fileRef = 018F59A824E52E6F00F44C47 /* Intelligence.swift */; };
		018F59CD24E52E7000F44C47 /* MoveShips.swift in Sources */ = {isa = PBXBuildFile; fileRef = 018F59A924E52E6F00F44C47 /* MoveShips.swift */; };
		018F59CE24E52E7000F44C47 /* Spawner.swift in Sources */ = {isa = PBXBuildFile; fileRef = 018F59AA24E52E6F00F44C47 /* Spawner.swift */; };
/* End PBXBuildFile section */

/* Begin PBXContainerItemProxy section */
		018F58F824E52E0A00F44C47 /* PBXContainerItemProxy */ = {
			isa = PBXContainerItemProxy;
			containerPortal = 018F58D724E52E0800F44C47 /* Project object */;
			proxyType = 1;
			remoteGlobalIDString = 018F58DE24E52E0800F44C47;
			remoteInfo = Solar_Conqueror_Sources;
		};
		018F590324E52E0A00F44C47 /* PBXContainerItemProxy */ = {
			isa = PBXContainerItemProxy;
			containerPortal = 018F58D724E52E0800F44C47 /* Project object */;
			proxyType = 1;
			remoteGlobalIDString = 018F58DE24E52E0800F44C47;
			remoteInfo = Solar_Conqueror_Sources;
		};
/* End PBXContainerItemProxy section */

/* Begin PBXFileReference section */
		018F58DF24E52E0800F44C47 /* Solar_Conqueror_Sources.app */ = {isa = PBXFileReference; explicitFileType = wrapper.application; includeInIndex = 0; path = Solar_Conqueror_Sources.app; sourceTree = BUILT_PRODUCTS_DIR; };
		018F58E224E52E0800F44C47 /* AppDelegate.swift */ = {isa = PBXFileReference; lastKnownFileType = sourcecode.swift; path = AppDelegate.swift; sourceTree = "<group>"; };
		018F58EA24E52E0800F44C47 /* ViewController.swift */ = {isa = PBXFileReference; lastKnownFileType = sourcecode.swift; path = ViewController.swift; sourceTree = "<group>"; };
		018F58EC24E52E0A00F44C47 /* Assets.xcassets */ = {isa = PBXFileReference; lastKnownFileType = folder.assetcatalog; path = Assets.xcassets; sourceTree = "<group>"; };
		018F58EF24E52E0A00F44C47 /* Base */ = {isa = PBXFileReference; lastKnownFileType = file.storyboard; name = Base; path = Base.lproj/Main.storyboard; sourceTree = "<group>"; };
		018F58F124E52E0A00F44C47 /* Info.plist */ = {isa = PBXFileReference; lastKnownFileType = text.plist.xml; path = Info.plist; sourceTree = "<group>"; };
		018F58F224E52E0A00F44C47 /* Solar_Conqueror_Sources.entitlements */ = {isa = PBXFileReference; lastKnownFileType = text.plist.entitlements; path = Solar_Conqueror_Sources.entitlements; sourceTree = "<group>"; };
		018F58F724E52E0A00F44C47 /* Solar_Conqueror_SourcesTests.xctest */ = {isa = PBXFileReference; explicitFileType = wrapper.cfbundle; includeInIndex = 0; path = Solar_Conqueror_SourcesTests.xctest; sourceTree = BUILT_PRODUCTS_DIR; };
		018F58FB24E52E0A00F44C47 /* Solar_Conqueror_SourcesTests.swift */ = {isa = PBXFileReference; lastKnownFileType = sourcecode.swift; path = Solar_Conqueror_SourcesTests.swift; sourceTree = "<group>"; };
		018F58FD24E52E0A00F44C47 /* Info.plist */ = {isa = PBXFileReference; lastKnownFileType = text.plist.xml; path = Info.plist; sourceTree = "<group>"; };
		018F590224E52E0A00F44C47 /* Solar_Conqueror_SourcesUITests.xctest */ = {isa = PBXFileReference; explicitFileType = wrapper.cfbundle; includeInIndex = 0; path = Solar_Conqueror_SourcesUITests.xctest; sourceTree = BUILT_PRODUCTS_DIR; };
		018F590624E52E0A00F44C47 /* Solar_Conqueror_SourcesUITests.swift */ = {isa = PBXFileReference; lastKnownFileType = sourcecode.swift; path = Solar_Conqueror_SourcesUITests.swift; sourceTree = "<group>"; };
		018F590824E52E0A00F44C47 /* Info.plist */ = {isa = PBXFileReference; lastKnownFileType = text.plist.xml; path = Info.plist; sourceTree = "<group>"; };
		018F591524E52E5100F44C47 /* background.sks */ = {isa = PBXFileReference; lastKnownFileType = file.sks; path = background.sks; sourceTree = "<group>"; };
		018F591624E52E5200F44C47 /* half_circle.png */ = {isa = PBXFileReference; lastKnownFileType = image.png; path = half_circle.png; sourceTree = "<group>"; };
		018F591724E52E5200F44C47 /* sunshine.png */ = {isa = PBXFileReference; lastKnownFileType = image.png; path = sunshine.png; sourceTree = "<group>"; };
		018F591824E52E5200F44C47 /* main1.mp3 */ = {isa = PBXFileReference; lastKnownFileType = audio.mp3; path = main1.mp3; sourceTree = "<group>"; };
		018F591924E52E5200F44C47 /* Begin.m4a */ = {isa = PBXFileReference; lastKnownFileType = file; path = Begin.m4a; sourceTree = "<group>"; };
		018F591A24E52E5200F44C47 /* spark.png */ = {isa = PBXFileReference; lastKnownFileType = image.png; path = spark.png; sourceTree = "<group>"; };
		018F591B24E52E5200F44C47 /* normal.png */ = {isa = PBXFileReference; lastKnownFileType = image.png; path = normal.png; sourceTree = "<group>"; };
		018F591C24E52E5200F44C47 /* Saturn.png */ = {isa = PBXFileReference; lastKnownFileType = image.png; path = Saturn.png; sourceTree = "<group>"; };
		018F591D24E52E5200F44C47 /* boom4.mp3 */ = {isa = PBXFileReference; lastKnownFileType = audio.mp3; path = boom4.mp3; sourceTree = "<group>"; };
		018F591E24E52E5200F44C47 /* ForceAvailable.m4a */ = {isa = PBXFileReference; lastKnownFileType = file; path = ForceAvailable.m4a; sourceTree = "<group>"; };
		018F591F24E52E5200F44C47 /* Uranus.png */ = {isa = PBXFileReference; lastKnownFileType = image.png; path = Uranus.png; sourceTree = "<group>"; };
		018F592024E52E5200F44C47 /* SpecialWeapon.m4a */ = {isa = PBXFileReference; lastKnownFileType = file; path = SpecialWeapon.m4a; sourceTree = "<group>"; };
		018F592124E52E5200F44C47 /* boom0.mp3 */ = {isa = PBXFileReference; lastKnownFileType = audio.mp3; path = boom0.mp3; sourceTree = "<group>"; };
		018F592224E52E5200F44C47 /* Venus.png */ = {isa = PBXFileReference; lastKnownFileType = image.png; path = Venus.png; sourceTree = "<group>"; };
		018F592324E52E5200F44C47 /* swoosh.wav */ = {isa = PBXFileReference; lastKnownFileType = audio.wav; path = swoosh.wav; sourceTree = "<group>"; };
		018F592424E52E5200F44C47 /* Jupiter.png */ = {isa = PBXFileReference; lastKnownFileType = image.png; path = Jupiter.png; sourceTree = "<group>"; };
		018F592524E52E5200F44C47 /* Snow.sks */ = {isa = PBXFileReference; lastKnownFileType = file.sks; path = Snow.sks; sourceTree = "<group>"; };
		018F592624E52E5200F44C47 /* boom3.mp3 */ = {isa = PBXFileReference; lastKnownFileType = audio.mp3; path = boom3.mp3; sourceTree = "<group>"; };
		018F592724E52E5200F44C47 /* Success.m4a */ = {isa = PBXFileReference; lastKnownFileType = file; path = Success.m4a; sourceTree = "<group>"; };
		018F592824E52E5200F44C47 /* Cards.sks */ = {isa = PBXFileReference; lastKnownFileType = file.sks; path = Cards.sks; sourceTree = "<group>"; };
		018F592924E52E5300F44C47 /* Mars.png */ = {isa = PBXFileReference; lastKnownFileType = image.png; path = Mars.png; sourceTree = "<group>"; };
		018F592A24E52E5300F44C47 /* rocketFire.sks */ = {isa = PBXFileReference; lastKnownFileType = file.sks; path = rocketFire.sks; sourceTree = "<group>"; };
		018F592B24E52E5300F44C47 /* boom2.mp3 */ = {isa = PBXFileReference; lastKnownFileType = audio.mp3; path = boom2.mp3; sourceTree = "<group>"; };
		018F592C24E52E5300F44C47 /* half_circle_enemy.png */ = {isa = PBXFileReference; lastKnownFileType = image.png; path = half_circle_enemy.png; sourceTree = "<group>"; };
		018F592D24E52E5300F44C47 /* Eris.png */ = {isa = PBXFileReference; lastKnownFileType = image.png; path = Eris.png; sourceTree = "<group>"; };
		018F592E24E52E5300F44C47 /* tick.png */ = {isa = PBXFileReference; lastKnownFileType = image.png; path = tick.png; sourceTree = "<group>"; };
		018F592F24E52E5300F44C47 /* lightning_segment_enemy.png */ = {isa = PBXFileReference; lastKnownFileType = image.png; path = lightning_segment_enemy.png; sourceTree = "<group>"; };
		018F593024E52E5300F44C47 /* normal-saturn.png */ = {isa = PBXFileReference; lastKnownFileType = image.png; path = "normal-saturn.png"; sourceTree = "<group>"; };
		018F593124E52E5300F44C47 /* boom5.mp3 */ = {isa = PBXFileReference; lastKnownFileType = audio.mp3; path = boom5.mp3; sourceTree = "<group>"; };
		018F593224E52E5300F44C47 /* boom8.mp3 */ = {isa = PBXFileReference; lastKnownFileType = audio.mp3; path = boom8.mp3; sourceTree = "<group>"; };
		018F593324E52E5300F44C47 /* firework.sks */ = {isa = PBXFileReference; lastKnownFileType = file.sks; path = firework.sks; sourceTree = "<group>"; };
		018F593424E52E5300F44C47 /* boom1.mp3 */ = {isa = PBXFileReference; lastKnownFileType = audio.mp3; path = boom1.mp3; sourceTree = "<group>"; };
		018F593524E52E5300F44C47 /* Mercury.png */ = {isa = PBXFileReference; lastKnownFileType = image.png; path = Mercury.png; sourceTree = "<group>"; };
		018F593624E52E5300F44C47 /* play.png */ = {isa = PBXFileReference; lastKnownFileType = image.png; path = play.png; sourceTree = "<group>"; };
		018F593724E52E5300F44C47 /* Neptune.png */ = {isa = PBXFileReference; lastKnownFileType = image.png; path = Neptune.png; sourceTree = "<group>"; };
		018F593824E52E5300F44C47 /* Earth.png */ = {isa = PBXFileReference; lastKnownFileType = image.png; path = Earth.png; sourceTree = "<group>"; };
		018F593924E52E5300F44C47 /* Pluto.png */ = {isa = PBXFileReference; lastKnownFileType = image.png; path = Pluto.png; sourceTree = "<group>"; };
		018F593A24E52E5400F44C47 /* frame.png */ = {isa = PBXFileReference; lastKnownFileType = image.png; path = frame.png; sourceTree = "<group>"; };
		018F593B24E52E5400F44C47 /* Path.png */ = {isa = PBXFileReference; lastKnownFileType = image.png; path = Path.png; sourceTree = "<group>"; };
		018F593C24E52E5400F44C47 /* main2.mp3 */ = {isa = PBXFileReference; lastKnownFileType = audio.mp3; path = main2.mp3; sourceTree = "<group>"; };
		018F593D24E52E5400F44C47 /* lightning_segment.png */ = {isa = PBXFileReference; lastKnownFileType = image.png; path = lightning_segment.png; sourceTree = "<group>"; };
		018F593E24E52E5400F44C47 /* rocket.png */ = {isa = PBXFileReference; lastKnownFileType = image.png; path = rocket.png; sourceTree = "<group>"; };
		018F593F24E52E5400F44C47 /* Moon.png */ = {isa = PBXFileReference; lastKnownFileType = image.png; path = Moon.png; sourceTree = "<group>"; };
		018F594024E52E5400F44C47 /* Explosion.sks */ = {isa = PBXFileReference; lastKnownFileType = file.sks; path = Explosion.sks; sourceTree = "<group>"; };
		018F594124E52E5400F44C47 /* Planets.sks */ = {isa = PBXFileReference; lastKnownFileType = file.sks; path = Planets.sks; sourceTree = "<group>"; };
		018F594224E52E5400F44C47 /* Defeated.m4a */ = {isa = PBXFileReference; lastKnownFileType = file; path = Defeated.m4a; sourceTree = "<group>"; };
		018F594324E52E5400F44C47 /* ring.png */ = {isa = PBXFileReference; lastKnownFileType = image.png; path = ring.png; sourceTree = "<group>"; };
		018F594424E52E5400F44C47 /* glass.png */ = {isa = PBXFileReference; lastKnownFileType = image.png; path = glass.png; sourceTree = "<group>"; };
		018F594524E52E5400F44C47 /* boom7.mp3 */ = {isa = PBXFileReference; lastKnownFileType = audio.mp3; path = boom7.mp3; sourceTree = "<group>"; };
		018F594624E52E5400F44C47 /* Makemake.png */ = {isa = PBXFileReference; lastKnownFileType = image.png; path = Makemake.png; sourceTree = "<group>"; };
		018F594724E52E5400F44C47 /* Sun.png */ = {isa = PBXFileReference; lastKnownFileType = image.png; path = Sun.png; sourceTree = "<group>"; };
		018F594824E52E5500F44C47 /* Haumea.png */ = {isa = PBXFileReference; lastKnownFileType = image.png; path = Haumea.png; sourceTree = "<group>"; };
		018F594924E52E5500F44C47 /* boom6.mp3 */ = {isa = PBXFileReference; lastKnownFileType = audio.mp3; path = boom6.mp3; sourceTree = "<group>"; };
		018F594A24E52E5500F44C47 /* Ceres.png */ = {isa = PBXFileReference; lastKnownFileType = image.png; path = Ceres.png; sourceTree = "<group>"; };
		018F594B24E52E5500F44C47 /* Victory.m4a */ = {isa = PBXFileReference; lastKnownFileType = file; path = Victory.m4a; sourceTree = "<group>"; };
		018F598424E52E6F00F44C47 /* ReadyCard.swift */ = {isa = PBXFileReference; fileEncoding = 4; lastKnownFileType = sourcecode.swift; path = ReadyCard.swift; sourceTree = "<group>"; };
		018F598524E52E6F00F44C47 /* Card.swift */ = {isa = PBXFileReference; fileEncoding = 4; lastKnownFileType = sourcecode.swift; path = Card.swift; sourceTree = "<group>"; };
		018F598624E52E6F00F44C47 /* StartCard.swift */ = {isa = PBXFileReference; fileEncoding = 4; lastKnownFileType = sourcecode.swift; path = StartCard.swift; sourceTree = "<group>"; };
		018F598724E52E6F00F44C47 /* DragToSelectCard.swift */ = {isa = PBXFileReference; fileEncoding = 4; lastKnownFileType = sourcecode.swift; path = DragToSelectCard.swift; sourceTree = "<group>"; };
		018F598824E52E6F00F44C47 /* ForceTouchCard.swift */ = {isa = PBXFileReference; fileEncoding = 4; lastKnownFileType = sourcecode.swift; path = ForceTouchCard.swift; sourceTree = "<group>"; };
		018F598924E52E6F00F44C47 /* ClickToSelectCard.swift */ = {isa = PBXFileReference; fileEncoding = 4; lastKnownFileType = sourcecode.swift; path = ClickToSelectCard.swift; sourceTree = "<group>"; };
		018F598A24E52E6F00F44C47 /* FinalResultCard.swift */ = {isa = PBXFileReference; fileEncoding = 4; lastKnownFileType = sourcecode.swift; path = FinalResultCard.swift; sourceTree = "<group>"; };
		018F598B24E52E6F00F44C47 /* SpecialWeaponProducer.swift */ = {isa = PBXFileReference; fileEncoding = 4; lastKnownFileType = sourcecode.swift; path = SpecialWeaponProducer.swift; sourceTree = "<group>"; };
		018F598C24E52E6F00F44C47 /* PlanetsCard.swift */ = {isa = PBXFileReference; fileEncoding = 4; lastKnownFileType = sourcecode.swift; path = PlanetsCard.swift; sourceTree = "<group>"; };
		018F598D24E52E6F00F44C47 /* Rules.swift */ = {isa = PBXFileReference; fileEncoding = 4; lastKnownFileType = sourcecode.swift; path = Rules.swift; sourceTree = "<group>"; };
		018F598E24E52E6F00F44C47 /* GameView.swift */ = {isa = PBXFileReference; fileEncoding = 4; lastKnownFileType = sourcecode.swift; path = GameView.swift; sourceTree = "<group>"; };
		018F598F24E52E6F00F44C47 /* PlanetsScene.swift */ = {isa = PBXFileReference; fileEncoding = 4; lastKnownFileType = sourcecode.swift; path = PlanetsScene.swift; sourceTree = "<group>"; };
		018F599024E52E6F00F44C47 /* CardsScene.swift */ = {isa = PBXFileReference; fileEncoding = 4; lastKnownFileType = sourcecode.swift; path = CardsScene.swift; sourceTree = "<group>"; };
		018F599124E52E6F00F44C47 /* Enemy.swift */ = {isa = PBXFileReference; fileEncoding = 4; lastKnownFileType = sourcecode.swift; path = Enemy.swift; sourceTree = "<group>"; };
		018F599224E52E6F00F44C47 /* Player.swift */ = {isa = PBXFileReference; fileEncoding = 4; lastKnownFileType = sourcecode.swift; path = Player.swift; sourceTree = "<group>"; };
		018F599324E52E6F00F44C47 /* InteractableScene.swift */ = {isa = PBXFileReference; fileEncoding = 4; lastKnownFileType = sourcecode.swift; path = InteractableScene.swift; sourceTree = "<group>"; };
		018F599524E52E6F00F44C47 /* NormalState.swift */ = {isa = PBXFileReference; fileEncoding = 4; lastKnownFileType = sourcecode.swift; path = NormalState.swift; sourceTree = "<group>"; };
		018F599624E52E6F00F44C47 /* FailState.swift */ = {isa = PBXFileReference; fileEncoding = 4; lastKnownFileType = sourcecode.swift; path = FailState.swift; sourceTree = "<group>"; };
		018F599724E52E6F00F44C47 /* StartState.swift */ = {isa = PBXFileReference; fileEncoding = 4; lastKnownFileType = sourcecode.swift; path = StartState.swift; sourceTree = "<group>"; };
		018F599824E52E6F00F44C47 /* PlanetSceneState.swift */ = {isa = PBXFileReference; fileEncoding = 4; lastKnownFileType = sourcecode.swift; path = PlanetSceneState.swift; sourceTree = "<group>"; };
		018F599924E52E6F00F44C47 /* VictoryState.swift */ = {isa = PBXFileReference; fileEncoding = 4; lastKnownFileType = sourcecode.swift; path = VictoryState.swift; sourceTree = "<group>"; };
		018F599A24E52E6F00F44C47 /* Gaia.swift */ = {isa = PBXFileReference; fileEncoding = 4; lastKnownFileType = sourcecode.swift; path = Gaia.swift; sourceTree = "<group>"; };
		018F599B24E52E6F00F44C47 /* PlanetAIRule.swift */ = {isa = PBXFileReference; fileEncoding = 4; lastKnownFileType = sourcecode.swift; path = PlanetAIRule.swift; sourceTree = "<group>"; };
		018F599D24E52E6F00F44C47 /* LightningBoltNode.swift */ = {isa = PBXFileReference; fileEncoding = 4; lastKnownFileType = sourcecode.swift; path = LightningBoltNode.swift; sourceTree = "<group>"; };
		018F599E24E52E6F00F44C47 /* LightningLineNode.swift */ = {isa = PBXFileReference; fileEncoding = 4; lastKnownFileType = sourcecode.swift; path = LightningLineNode.swift; sourceTree = "<group>"; };
		018F599F24E52E6F00F44C47 /* LightningNode.swift */ = {isa = PBXFileReference; fileEncoding = 4; lastKnownFileType = sourcecode.swift; path = LightningNode.swift; sourceTree = "<group>"; };
		018F59A024E52E6F00F44C47 /* PlanetEntity.swift */ = {isa = PBXFileReference; fileEncoding = 4; lastKnownFileType = sourcecode.swift; path = PlanetEntity.swift; sourceTree = "<group>"; };
		018F59A124E52E6F00F44C47 /* PopulationIndicator.swift */ = {isa = PBXFileReference; fileEncoding = 4; lastKnownFileType = sourcecode.swift; path = PopulationIndicator.swift; sourceTree = "<group>"; };
		018F59A224E52E6F00F44C47 /* Role.swift */ = {isa = PBXFileReference; fileEncoding = 4; lastKnownFileType = sourcecode.swift; path = Role.swift; sourceTree = "<group>"; };
		018F59A324E52E6F00F44C47 /* PlanetNode.swift */ = {isa = PBXFileReference; fileEncoding = 4; lastKnownFileType = sourcecode.swift; path = PlanetNode.swift; sourceTree = "<group>"; };
		018F59A424E52E6F00F44C47 /* 🚀.swift */ = {isa = PBXFileReference; fileEncoding = 4; lastKnownFileType = sourcecode.swift; path = "🚀.swift"; sourceTree = "<group>"; };
		018F59A524E52E6F00F44C47 /* Constants.swift */ = {isa = PBXFileReference; fileEncoding = 4; lastKnownFileType = sourcecode.swift; path = Constants.swift; sourceTree = "<group>"; };
		018F59A724E52E6F00F44C47 /* Statistics.swift */ = {isa = PBXFileReference; fileEncoding = 4; lastKnownFileType = sourcecode.swift; path = Statistics.swift; sourceTree = "<group>"; };
		018F59A824E52E6F00F44C47 /* Intelligence.swift */ = {isa = PBXFileReference; fileEncoding = 4; lastKnownFileType = sourcecode.swift; path = Intelligence.swift; sourceTree = "<group>"; };
		018F59A924E52E6F00F44C47 /* MoveShips.swift */ = {isa = PBXFileReference; fileEncoding = 4; lastKnownFileType = sourcecode.swift; path = MoveShips.swift; sourceTree = "<group>"; };
		018F59AA24E52E6F00F44C47 /* Spawner.swift */ = {isa = PBXFileReference; fileEncoding = 4; lastKnownFileType = sourcecode.swift; path = Spawner.swift; sourceTree = "<group>"; };
/* End PBXFileReference section */

/* Begin PBXFrameworksBuildPhase section */
		018F58DC24E52E0800F44C47 /* Frameworks */ = {
			isa = PBXFrameworksBuildPhase;
			buildActionMask = 2147483647;
			files = (
			);
			runOnlyForDeploymentPostprocessing = 0;
		};
		018F58F424E52E0A00F44C47 /* Frameworks */ = {
			isa = PBXFrameworksBuildPhase;
			buildActionMask = 2147483647;
			files = (
			);
			runOnlyForDeploymentPostprocessing = 0;
		};
		018F58FF24E52E0A00F44C47 /* Frameworks */ = {
			isa = PBXFrameworksBuildPhase;
			buildActionMask = 2147483647;
			files = (
			);
			runOnlyForDeploymentPostprocessing = 0;
		};
/* End PBXFrameworksBuildPhase section */

/* Begin PBXGroup section */
		018F58D624E52E0800F44C47 = {
			isa = PBXGroup;
			children = (
				018F58E124E52E0800F44C47 /* Solar_Conqueror_Sources */,
				018F58FA24E52E0A00F44C47 /* Solar_Conqueror_SourcesTests */,
				018F590524E52E0A00F44C47 /* Solar_Conqueror_SourcesUITests */,
				018F58E024E52E0800F44C47 /* Products */,
			);
			sourceTree = "<group>";
		};
		018F58E024E52E0800F44C47 /* Products */ = {
			isa = PBXGroup;
			children = (
				018F58DF24E52E0800F44C47 /* Solar_Conqueror_Sources.app */,
				018F58F724E52E0A00F44C47 /* Solar_Conqueror_SourcesTests.xctest */,
				018F590224E52E0A00F44C47 /* Solar_Conqueror_SourcesUITests.xctest */,
			);
			name = Products;
			sourceTree = "<group>";
		};
		018F58E124E52E0800F44C47 /* Solar_Conqueror_Sources */ = {
			isa = PBXGroup;
			children = (
				018F599C24E52E6F00F44C47 /* ⚡️ */,
				018F59A424E52E6F00F44C47 /* 🚀.swift */,
				018F598324E52E6F00F44C47 /* Cards */,
				018F599024E52E6F00F44C47 /* CardsScene.swift */,
				018F59A624E52E6F00F44C47 /* Components */,
				018F59A524E52E6F00F44C47 /* Constants.swift */,
				018F599124E52E6F00F44C47 /* Enemy.swift */,
				018F599A24E52E6F00F44C47 /* Gaia.swift */,
				018F598E24E52E6F00F44C47 /* GameView.swift */,
				018F599324E52E6F00F44C47 /* InteractableScene.swift */,
				018F599B24E52E6F00F44C47 /* PlanetAIRule.swift */,
				018F59A024E52E6F00F44C47 /* PlanetEntity.swift */,
				018F59A324E52E6F00F44C47 /* PlanetNode.swift */,
				018F598C24E52E6F00F44C47 /* PlanetsCard.swift */,
				018F598F24E52E6F00F44C47 /* PlanetsScene.swift */,
				018F599224E52E6F00F44C47 /* Player.swift */,
				018F59A124E52E6F00F44C47 /* PopulationIndicator.swift */,
				018F59A224E52E6F00F44C47 /* Role.swift */,
				018F598D24E52E6F00F44C47 /* Rules.swift */,
				018F598B24E52E6F00F44C47 /* SpecialWeaponProducer.swift */,
				018F599424E52E6F00F44C47 /* States */,
				018F591424E52E4300F44C47 /* Resources */,
				018F58E224E52E0800F44C47 /* AppDelegate.swift */,
				018F58EA24E52E0800F44C47 /* ViewController.swift */,
				018F58EC24E52E0A00F44C47 /* Assets.xcassets */,
				018F58EE24E52E0A00F44C47 /* Main.storyboard */,
				018F58F124E52E0A00F44C47 /* Info.plist */,
				018F58F224E52E0A00F44C47 /* Solar_Conqueror_Sources.entitlements */,
			);
			path = Solar_Conqueror_Sources;
			sourceTree = "<group>";
		};
		018F58FA24E52E0A00F44C47 /* Solar_Conqueror_SourcesTests */ = {
			isa = PBXGroup;
			children = (
				018F58FB24E52E0A00F44C47 /* Solar_Conqueror_SourcesTests.swift */,
				018F58FD24E52E0A00F44C47 /* Info.plist */,
			);
			path = Solar_Conqueror_SourcesTests;
			sourceTree = "<group>";
		};
		018F590524E52E0A00F44C47 /* Solar_Conqueror_SourcesUITests */ = {
			isa = PBXGroup;
			children = (
				018F590624E52E0A00F44C47 /* Solar_Conqueror_SourcesUITests.swift */,
				018F590824E52E0A00F44C47 /* Info.plist */,
			);
			path = Solar_Conqueror_SourcesUITests;
			sourceTree = "<group>";
		};
		018F591424E52E4300F44C47 /* Resources */ = {
			isa = PBXGroup;
			children = (
				018F591524E52E5100F44C47 /* background.sks */,
				018F591924E52E5200F44C47 /* Begin.m4a */,
				018F592124E52E5200F44C47 /* boom0.mp3 */,
				018F593424E52E5300F44C47 /* boom1.mp3 */,
				018F592B24E52E5300F44C47 /* boom2.mp3 */,
				018F592624E52E5200F44C47 /* boom3.mp3 */,
				018F591D24E52E5200F44C47 /* boom4.mp3 */,
				018F593124E52E5300F44C47 /* boom5.mp3 */,
				018F594924E52E5500F44C47 /* boom6.mp3 */,
				018F594524E52E5400F44C47 /* boom7.mp3 */,
				018F593224E52E5300F44C47 /* boom8.mp3 */,
				018F592824E52E5200F44C47 /* Cards.sks */,
				018F594A24E52E5500F44C47 /* Ceres.png */,
				018F594224E52E5400F44C47 /* Defeated.m4a */,
				018F593824E52E5300F44C47 /* Earth.png */,
				018F592D24E52E5300F44C47 /* Eris.png */,
				018F594024E52E5400F44C47 /* Explosion.sks */,
				018F593324E52E5300F44C47 /* firework.sks */,
				018F591E24E52E5200F44C47 /* ForceAvailable.m4a */,
				018F593A24E52E5400F44C47 /* frame.png */,
				018F594424E52E5400F44C47 /* glass.png */,
				018F592C24E52E5300F44C47 /* half_circle_enemy.png */,
				018F591624E52E5200F44C47 /* half_circle.png */,
				018F594824E52E5500F44C47 /* Haumea.png */,
				018F592424E52E5200F44C47 /* Jupiter.png */,
				018F592F24E52E5300F44C47 /* lightning_segment_enemy.png */,
				018F593D24E52E5400F44C47 /* lightning_segment.png */,
				018F591824E52E5200F44C47 /* main1.mp3 */,
				018F593C24E52E5400F44C47 /* main2.mp3 */,
				018F594624E52E5400F44C47 /* Makemake.png */,
				018F592924E52E5300F44C47 /* Mars.png */,
				018F593524E52E5300F44C47 /* Mercury.png */,
				018F593F24E52E5400F44C47 /* Moon.png */,
				018F593724E52E5300F44C47 /* Neptune.png */,
				018F593024E52E5300F44C47 /* normal-saturn.png */,
				018F591B24E52E5200F44C47 /* normal.png */,
				018F593B24E52E5400F44C47 /* Path.png */,
				018F594124E52E5400F44C47 /* Planets.sks */,
				018F593624E52E5300F44C47 /* play.png */,
				018F593924E52E5300F44C47 /* Pluto.png */,
				018F594324E52E5400F44C47 /* ring.png */,
				018F593E24E52E5400F44C47 /* rocket.png */,
				018F592A24E52E5300F44C47 /* rocketFire.sks */,
				018F591C24E52E5200F44C47 /* Saturn.png */,
				018F592524E52E5200F44C47 /* Snow.sks */,
				018F591A24E52E5200F44C47 /* spark.png */,
				018F592024E52E5200F44C47 /* SpecialWeapon.m4a */,
				018F592724E52E5200F44C47 /* Success.m4a */,
				018F594724E52E5400F44C47 /* Sun.png */,
				018F591724E52E5200F44C47 /* sunshine.png */,
				018F592324E52E5200F44C47 /* swoosh.wav */,
				018F592E24E52E5300F44C47 /* tick.png */,
				018F591F24E52E5200F44C47 /* Uranus.png */,
				018F592224E52E5200F44C47 /* Venus.png */,
				018F594B24E52E5500F44C47 /* Victory.m4a */,
			);
			path = Resources;
			sourceTree = "<group>";
		};
		018F598324E52E6F00F44C47 /* Cards */ = {
			isa = PBXGroup;
			children = (
				018F598424E52E6F00F44C47 /* ReadyCard.swift */,
				018F598524E52E6F00F44C47 /* Card.swift */,
				018F598624E52E6F00F44C47 /* StartCard.swift */,
				018F598724E52E6F00F44C47 /* DragToSelectCard.swift */,
				018F598824E52E6F00F44C47 /* ForceTouchCard.swift */,
				018F598924E52E6F00F44C47 /* ClickToSelectCard.swift */,
				018F598A24E52E6F00F44C47 /* FinalResultCard.swift */,
			);
			path = Cards;
			sourceTree = "<group>";
		};
		018F599424E52E6F00F44C47 /* States */ = {
			isa = PBXGroup;
			children = (
				018F599524E52E6F00F44C47 /* NormalState.swift */,
				018F599624E52E6F00F44C47 /* FailState.swift */,
				018F599724E52E6F00F44C47 /* StartState.swift */,
				018F599824E52E6F00F44C47 /* PlanetSceneState.swift */,
				018F599924E52E6F00F44C47 /* VictoryState.swift */,
			);
			path = States;
			sourceTree = "<group>";
		};
		018F599C24E52E6F00F44C47 /* ⚡️ */ = {
			isa = PBXGroup;
			children = (
				018F599D24E52E6F00F44C47 /* LightningBoltNode.swift */,
				018F599E24E52E6F00F44C47 /* LightningLineNode.swift */,
				018F599F24E52E6F00F44C47 /* LightningNode.swift */,
			);
			path = "⚡️";
			sourceTree = "<group>";
		};
		018F59A624E52E6F00F44C47 /* Components */ = {
			isa = PBXGroup;
			children = (
				018F59A724E52E6F00F44C47 /* Statistics.swift */,
				018F59A824E52E6F00F44C47 /* Intelligence.swift */,
				018F59A924E52E6F00F44C47 /* MoveShips.swift */,
				018F59AA24E52E6F00F44C47 /* Spawner.swift */,
			);
			path = Components;
			sourceTree = "<group>";
		};
/* End PBXGroup section */

/* Begin PBXNativeTarget section */
		018F58DE24E52E0800F44C47 /* Solar_Conqueror_Sources */ = {
			isa = PBXNativeTarget;
			buildConfigurationList = 018F590B24E52E0A00F44C47 /* Build configuration list for PBXNativeTarget "Solar_Conqueror_Sources" */;
			buildPhases = (
				018F58DB24E52E0800F44C47 /* Sources */,
				018F58DC24E52E0800F44C47 /* Frameworks */,
				018F58DD24E52E0800F44C47 /* Resources */,
			);
			buildRules = (
			);
			dependencies = (
			);
			name = Solar_Conqueror_Sources;
			productName = Solar_Conqueror_Sources;
			productReference = 018F58DF24E52E0800F44C47 /* Solar_Conqueror_Sources.app */;
			productType = "com.apple.product-type.application";
		};
		018F58F624E52E0A00F44C47 /* Solar_Conqueror_SourcesTests */ = {
			isa = PBXNativeTarget;
			buildConfigurationList = 018F590E24E52E0A00F44C47 /* Build configuration list for PBXNativeTarget "Solar_Conqueror_SourcesTests" */;
			buildPhases = (
				018F58F324E52E0A00F44C47 /* Sources */,
				018F58F424E52E0A00F44C47 /* Frameworks */,
				018F58F524E52E0A00F44C47 /* Resources */,
			);
			buildRules = (
			);
			dependencies = (
				018F58F924E52E0A00F44C47 /* PBXTargetDependency */,
			);
			name = Solar_Conqueror_SourcesTests;
			productName = Solar_Conqueror_SourcesTests;
			productReference = 018F58F724E52E0A00F44C47 /* Solar_Conqueror_SourcesTests.xctest */;
			productType = "com.apple.product-type.bundle.unit-test";
		};
		018F590124E52E0A00F44C47 /* Solar_Conqueror_SourcesUITests */ = {
			isa = PBXNativeTarget;
			buildConfigurationList = 018F591124E52E0A00F44C47 /* Build configuration list for PBXNativeTarget "Solar_Conqueror_SourcesUITests" */;
			buildPhases = (
				018F58FE24E52E0A00F44C47 /* Sources */,
				018F58FF24E52E0A00F44C47 /* Frameworks */,
				018F590024E52E0A00F44C47 /* Resources */,
			);
			buildRules = (
			);
			dependencies = (
				018F590424E52E0A00F44C47 /* PBXTargetDependency */,
			);
			name = Solar_Conqueror_SourcesUITests;
			productName = Solar_Conqueror_SourcesUITests;
			productReference = 018F590224E52E0A00F44C47 /* Solar_Conqueror_SourcesUITests.xctest */;
			productType = "com.apple.product-type.bundle.ui-testing";
		};
/* End PBXNativeTarget section */

/* Begin PBXProject section */
		018F58D724E52E0800F44C47 /* Project object */ = {
			isa = PBXProject;
			attributes = {
				LastSwiftUpdateCheck = 1160;
				LastUpgradeCheck = 1220;
				ORGANIZATIONNAME = "Xiaolin Wang";
				TargetAttributes = {
					018F58DE24E52E0800F44C47 = {
						CreatedOnToolsVersion = 11.6;
					};
					018F58F624E52E0A00F44C47 = {
						CreatedOnToolsVersion = 11.6;
						TestTargetID = 018F58DE24E52E0800F44C47;
					};
					018F590124E52E0A00F44C47 = {
						CreatedOnToolsVersion = 11.6;
						TestTargetID = 018F58DE24E52E0800F44C47;
					};
				};
			};
			buildConfigurationList = 018F58DA24E52E0800F44C47 /* Build configuration list for PBXProject "Solar_Conqueror_Sources" */;
			compatibilityVersion = "Xcode 9.3";
			developmentRegion = en;
			hasScannedForEncodings = 0;
			knownRegions = (
				en,
				Base,
			);
			mainGroup = 018F58D624E52E0800F44C47;
			productRefGroup = 018F58E024E52E0800F44C47 /* Products */;
			projectDirPath = "";
			projectRoot = "";
			targets = (
				018F58DE24E52E0800F44C47 /* Solar_Conqueror_Sources */,
				018F58F624E52E0A00F44C47 /* Solar_Conqueror_SourcesTests */,
				018F590124E52E0A00F44C47 /* Solar_Conqueror_SourcesUITests */,
			);
		};
/* End PBXProject section */

/* Begin PBXResourcesBuildPhase section */
		018F58DD24E52E0800F44C47 /* Resources */ = {
			isa = PBXResourcesBuildPhase;
			buildActionMask = 2147483647;
			files = (
				018F597E24E52E5500F44C47 /* Sun.png in Resources */,
				018F595D24E52E5500F44C47 /* boom3.mp3 in Resources */,
				018F596924E52E5500F44C47 /* boom8.mp3 in Resources */,
				018F597024E52E5500F44C47 /* Pluto.png in Resources */,
				018F596024E52E5500F44C47 /* Mars.png in Resources */,
				018F595424E52E5500F44C47 /* boom4.mp3 in Resources */,
				018F597924E52E5500F44C47 /* Defeated.m4a in Resources */,
				018F594E24E52E5500F44C47 /* sunshine.png in Resources */,
				018F596E24E52E5500F44C47 /* Neptune.png in Resources */,
				018F596324E52E5500F44C47 /* half_circle_enemy.png in Resources */,
				018F596F24E52E5500F44C47 /* Earth.png in Resources */,
				018F596A24E52E5500F44C47 /* firework.sks in Resources */,
				018F597124E52E5500F44C47 /* frame.png in Resources */,
				018F595324E52E5500F44C47 /* Saturn.png in Resources */,
				018F595F24E52E5500F44C47 /* Cards.sks in Resources */,
				018F595A24E52E5500F44C47 /* swoosh.wav in Resources */,
				018F594C24E52E5500F44C47 /* background.sks in Resources */,
				018F598224E52E5500F44C47 /* Victory.m4a in Resources */,
				018F58ED24E52E0A00F44C47 /* Assets.xcassets in Resources */,
				018F596224E52E5500F44C47 /* boom2.mp3 in Resources */,
				018F597824E52E5500F44C47 /* Planets.sks in Resources */,
				018F595124E52E5500F44C47 /* spark.png in Resources */,
				018F594F24E52E5500F44C47 /* main1.mp3 in Resources */,
				018F595E24E52E5500F44C47 /* Success.m4a in Resources */,
				018F595824E52E5500F44C47 /* boom0.mp3 in Resources */,
				018F594D24E52E5500F44C47 /* half_circle.png in Resources */,
				018F597B24E52E5500F44C47 /* glass.png in Resources */,
				018F597224E52E5500F44C47 /* Path.png in Resources */,
				018F597524E52E5500F44C47 /* rocket.png in Resources */,
				018F598124E52E5500F44C47 /* Ceres.png in Resources */,
				018F596424E52E5500F44C47 /* Eris.png in Resources */,
				018F596624E52E5500F44C47 /* lightning_segment_enemy.png in Resources */,
				018F598024E52E5500F44C47 /* boom6.mp3 in Resources */,
				018F595C24E52E5500F44C47 /* Snow.sks in Resources */,
				018F597724E52E5500F44C47 /* Explosion.sks in Resources */,
				018F596C24E52E5500F44C47 /* Mercury.png in Resources */,
				018F597C24E52E5500F44C47 /* boom7.mp3 in Resources */,
				018F595924E52E5500F44C47 /* Venus.png in Resources */,
				018F595B24E52E5500F44C47 /* Jupiter.png in Resources */,
				018F596724E52E5500F44C47 /* normal-saturn.png in Resources */,
				018F595624E52E5500F44C47 /* Uranus.png in Resources */,
				018F595524E52E5500F44C47 /* ForceAvailable.m4a in Resources */,
				018F597A24E52E5500F44C47 /* ring.png in Resources */,
				018F597424E52E5500F44C47 /* lightning_segment.png in Resources */,
				018F595724E52E5500F44C47 /* SpecialWeapon.m4a in Resources */,
				018F596B24E52E5500F44C47 /* boom1.mp3 in Resources */,
				018F596D24E52E5500F44C47 /* play.png in Resources */,
				018F597F24E52E5500F44C47 /* Haumea.png in Resources */,
				018F595024E52E5500F44C47 /* Begin.m4a in Resources */,
				018F597324E52E5500F44C47 /* main2.mp3 in Resources */,
				018F596524E52E5500F44C47 /* tick.png in Resources */,
				018F596124E52E5500F44C47 /* rocketFire.sks in Resources */,
				018F597D24E52E5500F44C47 /* Makemake.png in Resources */,
				018F597624E52E5500F44C47 /* Moon.png in Resources */,
				018F58F024E52E0A00F44C47 /* Main.storyboard in Resources */,
				018F595224E52E5500F44C47 /* normal.png in Resources */,
				018F596824E52E5500F44C47 /* boom5.mp3 in Resources */,
			);
			runOnlyForDeploymentPostprocessing = 0;
		};
		018F58F524E52E0A00F44C47 /* Resources */ = {
			isa = PBXResourcesBuildPhase;
			buildActionMask = 2147483647;
			files = (
			);
			runOnlyForDeploymentPostprocessing = 0;
		};
		018F590024E52E0A00F44C47 /* Resources */ = {
			isa = PBXResourcesBuildPhase;
			buildActionMask = 2147483647;
			files = (
			);
			runOnlyForDeploymentPostprocessing = 0;
		};
/* End PBXResourcesBuildPhase section */

/* Begin PBXSourcesBuildPhase section */
		018F58DB24E52E0800F44C47 /* Sources */ = {
			isa = PBXSourcesBuildPhase;
			buildActionMask = 2147483647;
			files = (
				018F59C324E52E6F00F44C47 /* LightningLineNode.swift in Sources */,
				018F59B024E52E6F00F44C47 /* ClickToSelectCard.swift in Sources */,
				018F59C424E52E6F00F44C47 /* LightningNode.swift in Sources */,
				018F59B324E52E6F00F44C47 /* PlanetsCard.swift in Sources */,
				018F59B424E52E6F00F44C47 /* Rules.swift in Sources */,
				018F58EB24E52E0800F44C47 /* ViewController.swift in Sources */,
				018F59BE24E52E6F00F44C47 /* PlanetSceneState.swift in Sources */,
				018F59BA24E52E6F00F44C47 /* InteractableScene.swift in Sources */,
				018F59AB24E52E6F00F44C47 /* ReadyCard.swift in Sources */,
				018F59B224E52E6F00F44C47 /* SpecialWeaponProducer.swift in Sources */,
				018F59CB24E52E7000F44C47 /* Statistics.swift in Sources */,
				018F59B724E52E6F00F44C47 /* CardsScene.swift in Sources */,
				018F59B824E52E6F00F44C47 /* Enemy.swift in Sources */,
				018F59B524E52E6F00F44C47 /* GameView.swift in Sources */,
				018F59BB24E52E6F00F44C47 /* NormalState.swift in Sources */,
				018F59AC24E52E6F00F44C47 /* Card.swift in Sources */,
				018F59BD24E52E6F00F44C47 /* StartState.swift in Sources */,
				018F59CC24E52E7000F44C47 /* Intelligence.swift in Sources */,
				018F59C624E52E6F00F44C47 /* PopulationIndicator.swift in Sources */,
				018F59C224E52E6F00F44C47 /* LightningBoltNode.swift in Sources */,
				018F59BF24E52E6F00F44C47 /* VictoryState.swift in Sources */,
				018F59AF24E52E6F00F44C47 /* ForceTouchCard.swift in Sources */,
				018F59C024E52E6F00F44C47 /* Gaia.swift in Sources */,
				018F59CE24E52E7000F44C47 /* Spawner.swift in Sources */,
				018F59CD24E52E7000F44C47 /* MoveShips.swift in Sources */,
				018F59AE24E52E6F00F44C47 /* DragToSelectCard.swift in Sources */,
				018F59C724E52E6F00F44C47 /* Role.swift in Sources */,
				018F59C124E52E6F00F44C47 /* PlanetAIRule.swift in Sources */,
				018F59CA24E52E7000F44C47 /* Constants.swift in Sources */,
				018F59BC24E52E6F00F44C47 /* FailState.swift in Sources */,
				018F59B624E52E6F00F44C47 /* PlanetsScene.swift in Sources */,
				018F59AD24E52E6F00F44C47 /* StartCard.swift in Sources */,
				018F59C924E52E6F00F44C47 /* 🚀.swift in Sources */,
				018F58E324E52E0800F44C47 /* AppDelegate.swift in Sources */,
				018F59C824E52E6F00F44C47 /* PlanetNode.swift in Sources */,
				018F59B924E52E6F00F44C47 /* Player.swift in Sources */,
				018F59C524E52E6F00F44C47 /* PlanetEntity.swift in Sources */,
				018F59B124E52E6F00F44C47 /* FinalResultCard.swift in Sources */,
			);
			runOnlyForDeploymentPostprocessing = 0;
		};
		018F58F324E52E0A00F44C47 /* Sources */ = {
			isa = PBXSourcesBuildPhase;
			buildActionMask = 2147483647;
			files = (
				018F58FC24E52E0A00F44C47 /* Solar_Conqueror_SourcesTests.swift in Sources */,
			);
			runOnlyForDeploymentPostprocessing = 0;
		};
		018F58FE24E52E0A00F44C47 /* Sources */ = {
			isa = PBXSourcesBuildPhase;
			buildActionMask = 2147483647;
			files = (
				018F590724E52E0A00F44C47 /* Solar_Conqueror_SourcesUITests.swift in Sources */,
			);
			runOnlyForDeploymentPostprocessing = 0;
		};
/* End PBXSourcesBuildPhase section */

/* Begin PBXTargetDependency section */
		018F58F924E52E0A00F44C47 /* PBXTargetDependency */ = {
			isa = PBXTargetDependency;
			target = 018F58DE24E52E0800F44C47 /* Solar_Conqueror_Sources */;
			targetProxy = 018F58F824E52E0A00F44C47 /* PBXContainerItemProxy */;
		};
		018F590424E52E0A00F44C47 /* PBXTargetDependency */ = {
			isa = PBXTargetDependency;
			target = 018F58DE24E52E0800F44C47 /* Solar_Conqueror_Sources */;
			targetProxy = 018F590324E52E0A00F44C47 /* PBXContainerItemProxy */;
		};
/* End PBXTargetDependency section */

/* Begin PBXVariantGroup section */
		018F58EE24E52E0A00F44C47 /* Main.storyboard */ = {
			isa = PBXVariantGroup;
			children = (
				018F58EF24E52E0A00F44C47 /* Base */,
			);
			name = Main.storyboard;
			sourceTree = "<group>";
		};
/* End PBXVariantGroup section */

/* Begin XCBuildConfiguration section */
		018F590924E52E0A00F44C47 /* Debug */ = {
			isa = XCBuildConfiguration;
			buildSettings = {
				ALWAYS_SEARCH_USER_PATHS = NO;
				CLANG_ANALYZER_NONNULL = YES;
				CLANG_ANALYZER_NUMBER_OBJECT_CONVERSION = YES_AGGRESSIVE;
				CLANG_CXX_LANGUAGE_STANDARD = "gnu++14";
				CLANG_CXX_LIBRARY = "libc++";
				CLANG_ENABLE_MODULES = YES;
				CLANG_ENABLE_OBJC_ARC = YES;
				CLANG_ENABLE_OBJC_WEAK = YES;
				CLANG_WARN_BLOCK_CAPTURE_AUTORELEASING = YES;
				CLANG_WARN_BOOL_CONVERSION = YES;
				CLANG_WARN_COMMA = YES;
				CLANG_WARN_CONSTANT_CONVERSION = YES;
				CLANG_WARN_DEPRECATED_OBJC_IMPLEMENTATIONS = YES;
				CLANG_WARN_DIRECT_OBJC_ISA_USAGE = YES_ERROR;
				CLANG_WARN_DOCUMENTATION_COMMENTS = YES;
				CLANG_WARN_EMPTY_BODY = YES;
				CLANG_WARN_ENUM_CONVERSION = YES;
				CLANG_WARN_INFINITE_RECURSION = YES;
				CLANG_WARN_INT_CONVERSION = YES;
				CLANG_WARN_NON_LITERAL_NULL_CONVERSION = YES;
				CLANG_WARN_OBJC_IMPLICIT_RETAIN_SELF = YES;
				CLANG_WARN_OBJC_LITERAL_CONVERSION = YES;
				CLANG_WARN_OBJC_ROOT_CLASS = YES_ERROR;
				CLANG_WARN_QUOTED_INCLUDE_IN_FRAMEWORK_HEADER = YES;
				CLANG_WARN_RANGE_LOOP_ANALYSIS = YES;
				CLANG_WARN_STRICT_PROTOTYPES = YES;
				CLANG_WARN_SUSPICIOUS_MOVE = YES;
				CLANG_WARN_UNGUARDED_AVAILABILITY = YES_AGGRESSIVE;
				CLANG_WARN_UNREACHABLE_CODE = YES;
				CLANG_WARN__DUPLICATE_METHOD_MATCH = YES;
				COPY_PHASE_STRIP = NO;
				DEBUG_INFORMATION_FORMAT = dwarf;
				ENABLE_STRICT_OBJC_MSGSEND = YES;
				ENABLE_TESTABILITY = YES;
				GCC_C_LANGUAGE_STANDARD = gnu11;
				GCC_DYNAMIC_NO_PIC = NO;
				GCC_NO_COMMON_BLOCKS = YES;
				GCC_OPTIMIZATION_LEVEL = 0;
				GCC_PREPROCESSOR_DEFINITIONS = (
					"DEBUG=1",
					"$(inherited)",
				);
				GCC_WARN_64_TO_32_BIT_CONVERSION = YES;
				GCC_WARN_ABOUT_RETURN_TYPE = YES_ERROR;
				GCC_WARN_UNDECLARED_SELECTOR = YES;
				GCC_WARN_UNINITIALIZED_AUTOS = YES_AGGRESSIVE;
				GCC_WARN_UNUSED_FUNCTION = YES;
				GCC_WARN_UNUSED_VARIABLE = YES;
				MACOSX_DEPLOYMENT_TARGET = 11.0;
				MTL_ENABLE_DEBUG_INFO = INCLUDE_SOURCE;
				MTL_FAST_MATH = YES;
				ONLY_ACTIVE_ARCH = YES;
				SDKROOT = macosx;
				SWIFT_ACTIVE_COMPILATION_CONDITIONS = DEBUG;
				SWIFT_OPTIMIZATION_LEVEL = "-Onone";
			};
			name = Debug;
		};
		018F590A24E52E0A00F44C47 /* Release */ = {
			isa = XCBuildConfiguration;
			buildSettings = {
				ALWAYS_SEARCH_USER_PATHS = NO;
				CLANG_ANALYZER_NONNULL = YES;
				CLANG_ANALYZER_NUMBER_OBJECT_CONVERSION = YES_AGGRESSIVE;
				CLANG_CXX_LANGUAGE_STANDARD = "gnu++14";
				CLANG_CXX_LIBRARY = "libc++";
				CLANG_ENABLE_MODULES = YES;
				CLANG_ENABLE_OBJC_ARC = YES;
				CLANG_ENABLE_OBJC_WEAK = YES;
				CLANG_WARN_BLOCK_CAPTURE_AUTORELEASING = YES;
				CLANG_WARN_BOOL_CONVERSION = YES;
				CLANG_WARN_COMMA = YES;
				CLANG_WARN_CONSTANT_CONVERSION = YES;
				CLANG_WARN_DEPRECATED_OBJC_IMPLEMENTATIONS = YES;
				CLANG_WARN_DIRECT_OBJC_ISA_USAGE = YES_ERROR;
				CLANG_WARN_DOCUMENTATION_COMMENTS = YES;
				CLANG_WARN_EMPTY_BODY = YES;
				CLANG_WARN_ENUM_CONVERSION = YES;
				CLANG_WARN_INFINITE_RECURSION = YES;
				CLANG_WARN_INT_CONVERSION = YES;
				CLANG_WARN_NON_LITERAL_NULL_CONVERSION = YES;
				CLANG_WARN_OBJC_IMPLICIT_RETAIN_SELF = YES;
				CLANG_WARN_OBJC_LITERAL_CONVERSION = YES;
				CLANG_WARN_OBJC_ROOT_CLASS = YES_ERROR;
				CLANG_WARN_QUOTED_INCLUDE_IN_FRAMEWORK_HEADER = YES;
				CLANG_WARN_RANGE_LOOP_ANALYSIS = YES;
				CLANG_WARN_STRICT_PROTOTYPES = YES;
				CLANG_WARN_SUSPICIOUS_MOVE = YES;
				CLANG_WARN_UNGUARDED_AVAILABILITY = YES_AGGRESSIVE;
				CLANG_WARN_UNREACHABLE_CODE = YES;
				CLANG_WARN__DUPLICATE_METHOD_MATCH = YES;
				COPY_PHASE_STRIP = NO;
				DEBUG_INFORMATION_FORMAT = "dwarf-with-dsym";
				ENABLE_NS_ASSERTIONS = NO;
				ENABLE_STRICT_OBJC_MSGSEND = YES;
				GCC_C_LANGUAGE_STANDARD = gnu11;
				GCC_NO_COMMON_BLOCKS = YES;
				GCC_WARN_64_TO_32_BIT_CONVERSION = YES;
				GCC_WARN_ABOUT_RETURN_TYPE = YES_ERROR;
				GCC_WARN_UNDECLARED_SELECTOR = YES;
				GCC_WARN_UNINITIALIZED_AUTOS = YES_AGGRESSIVE;
				GCC_WARN_UNUSED_FUNCTION = YES;
				GCC_WARN_UNUSED_VARIABLE = YES;
				MACOSX_DEPLOYMENT_TARGET = 11.0;
				MTL_ENABLE_DEBUG_INFO = NO;
				MTL_FAST_MATH = YES;
				SDKROOT = macosx;
				SWIFT_COMPILATION_MODE = wholemodule;
				SWIFT_OPTIMIZATION_LEVEL = "-O";
			};
			name = Release;
		};
		018F590C24E52E0A00F44C47 /* Debug */ = {
			isa = XCBuildConfiguration;
			buildSettings = {
				ASSETCATALOG_COMPILER_APPICON_NAME = AppIcon;
				CODE_SIGN_ENTITLEMENTS = Solar_Conqueror_Sources/Solar_Conqueror_Sources.entitlements;
				CODE_SIGN_IDENTITY = "-";
				CODE_SIGN_STYLE = Automatic;
				COMBINE_HIDPI_IMAGES = YES;
				DEVELOPMENT_TEAM = 6HYW2VTE2N;
				ENABLE_HARDENED_RUNTIME = YES;
				INFOPLIST_FILE = Solar_Conqueror_Sources/Info.plist;
				LD_RUNPATH_SEARCH_PATHS = (
					"$(inherited)",
					"@executable_path/../Frameworks",
				);
				PRODUCT_BUNDLE_IDENTIFIER = "com.pride1952.Solar-Conqueror-Sources";
				PRODUCT_NAME = "$(TARGET_NAME)";
				SWIFT_VERSION = 5.0;
			};
			name = Debug;
		};
		018F590D24E52E0A00F44C47 /* Release */ = {
			isa = XCBuildConfiguration;
			buildSettings = {
				ASSETCATALOG_COMPILER_APPICON_NAME = AppIcon;
				CODE_SIGN_ENTITLEMENTS = Solar_Conqueror_Sources/Solar_Conqueror_Sources.entitlements;
				CODE_SIGN_IDENTITY = "-";
				CODE_SIGN_STYLE = Automatic;
				COMBINE_HIDPI_IMAGES = YES;
				DEVELOPMENT_TEAM = 6HYW2VTE2N;
				ENABLE_HARDENED_RUNTIME = YES;
				INFOPLIST_FILE = Solar_Conqueror_Sources/Info.plist;
				LD_RUNPATH_SEARCH_PATHS = (
					"$(inherited)",
					"@executable_path/../Frameworks",
				);
				PRODUCT_BUNDLE_IDENTIFIER = "com.pride1952.Solar-Conqueror-Sources";
				PRODUCT_NAME = "$(TARGET_NAME)";
				SWIFT_VERSION = 5.0;
			};
			name = Release;
		};
		018F590F24E52E0A00F44C47 /* Debug */ = {
			isa = XCBuildConfiguration;
			buildSettings = {
				ALWAYS_EMBED_SWIFT_STANDARD_LIBRARIES = YES;
				BUNDLE_LOADER = "$(TEST_HOST)";
				CODE_SIGN_STYLE = Automatic;
				COMBINE_HIDPI_IMAGES = YES;
				DEVELOPMENT_TEAM = 6HYW2VTE2N;
				INFOPLIST_FILE = Solar_Conqueror_SourcesTests/Info.plist;
				LD_RUNPATH_SEARCH_PATHS = (
					"$(inherited)",
					"@executable_path/../Frameworks",
					"@loader_path/../Frameworks",
				);
				MACOSX_DEPLOYMENT_TARGET = 10.15;
				PRODUCT_BUNDLE_IDENTIFIER = "com.pride1952.Solar-Conqueror-SourcesTests";
				PRODUCT_NAME = "$(TARGET_NAME)";
				SWIFT_VERSION = 5.0;
				TEST_HOST = "$(BUILT_PRODUCTS_DIR)/Solar_Conqueror_Sources.app/Contents/MacOS/Solar_Conqueror_Sources";
			};
			name = Debug;
		};
		018F591024E52E0A00F44C47 /* Release */ = {
			isa = XCBuildConfiguration;
			buildSettings = {
				ALWAYS_EMBED_SWIFT_STANDARD_LIBRARIES = YES;
				BUNDLE_LOADER = "$(TEST_HOST)";
				CODE_SIGN_STYLE = Automatic;
				COMBINE_HIDPI_IMAGES = YES;
				DEVELOPMENT_TEAM = 6HYW2VTE2N;
				INFOPLIST_FILE = Solar_Conqueror_SourcesTests/Info.plist;
				LD_RUNPATH_SEARCH_PATHS = (
					"$(inherited)",
					"@executable_path/../Frameworks",
					"@loader_path/../Frameworks",
				);
				MACOSX_DEPLOYMENT_TARGET = 10.15;
				PRODUCT_BUNDLE_IDENTIFIER = "com.pride1952.Solar-Conqueror-SourcesTests";
				PRODUCT_NAME = "$(TARGET_NAME)";
				SWIFT_VERSION = 5.0;
				TEST_HOST = "$(BUILT_PRODUCTS_DIR)/Solar_Conqueror_Sources.app/Contents/MacOS/Solar_Conqueror_Sources";
			};
			name = Release;
		};
		018F591224E52E0A00F44C47 /* Debug */ = {
			isa = XCBuildConfiguration;
			buildSettings = {
				ALWAYS_EMBED_SWIFT_STANDARD_LIBRARIES = YES;
				CODE_SIGN_STYLE = Automatic;
				COMBINE_HIDPI_IMAGES = YES;
				DEVELOPMENT_TEAM = 6HYW2VTE2N;
				INFOPLIST_FILE = Solar_Conqueror_SourcesUITests/Info.plist;
				LD_RUNPATH_SEARCH_PATHS = (
					"$(inherited)",
					"@executable_path/../Frameworks",
					"@loader_path/../Frameworks",
				);
				PRODUCT_BUNDLE_IDENTIFIER = "com.pride1952.Solar-Conqueror-SourcesUITests";
				PRODUCT_NAME = "$(TARGET_NAME)";
				SWIFT_VERSION = 5.0;
				TEST_TARGET_NAME = Solar_Conqueror_Sources;
			};
			name = Debug;
		};
		018F591324E52E0A00F44C47 /* Release */ = {
			isa = XCBuildConfiguration;
			buildSettings = {
				ALWAYS_EMBED_SWIFT_STANDARD_LIBRARIES = YES;
				CODE_SIGN_STYLE = Automatic;
				COMBINE_HIDPI_IMAGES = YES;
				DEVELOPMENT_TEAM = 6HYW2VTE2N;
				INFOPLIST_FILE = Solar_Conqueror_SourcesUITests/Info.plist;
				LD_RUNPATH_SEARCH_PATHS = (
					"$(inherited)",
					"@executable_path/../Frameworks",
					"@loader_path/../Frameworks",
				);
				PRODUCT_BUNDLE_IDENTIFIER = "com.pride1952.Solar-Conqueror-SourcesUITests";
				PRODUCT_NAME = "$(TARGET_NAME)";
				SWIFT_VERSION = 5.0;
				TEST_TARGET_NAME = Solar_Conqueror_Sources;
			};
			name = Release;
		};
/* End XCBuildConfiguration section */

/* Begin XCConfigurationList section */
		018F58DA24E52E0800F44C47 /* Build configuration list for PBXProject "Solar_Conqueror_Sources" */ = {
			isa = XCConfigurationList;
			buildConfigurations = (
				018F590924E52E0A00F44C47 /* Debug */,
				018F590A24E52E0A00F44C47 /* Release */,
			);
			defaultConfigurationIsVisible = 0;
			defaultConfigurationName = Release;
		};
		018F590B24E52E0A00F44C47 /* Build configuration list for PBXNativeTarget "Solar_Conqueror_Sources" */ = {
			isa = XCConfigurationList;
			buildConfigurations = (
				018F590C24E52E0A00F44C47 /* Debug */,
				018F590D24E52E0A00F44C47 /* Release */,
			);
			defaultConfigurationIsVisible = 0;
			defaultConfigurationName = Release;
		};
		018F590E24E52E0A00F44C47 /* Build configuration list for PBXNativeTarget "Solar_Conqueror_SourcesTests" */ = {
			isa = XCConfigurationList;
			buildConfigurations = (
				018F590F24E52E0A00F44C47 /* Debug */,
				018F591024E52E0A00F44C47 /* Release */,
			);
			defaultConfigurationIsVisible = 0;
			defaultConfigurationName = Release;
		};
		018F591124E52E0A00F44C47 /* Build configuration list for PBXNativeTarget "Solar_Conqueror_SourcesUITests" */ = {
			isa = XCConfigurationList;
			buildConfigurations = (
				018F591224E52E0A00F44C47 /* Debug */,
				018F591324E52E0A00F44C47 /* Release */,
			);
			defaultConfigurationIsVisible = 0;
			defaultConfigurationName = Release;
		};
/* End XCConfigurationList section */
	};
	rootObject = 018F58D724E52E0800F44C47 /* Project object */;
}
